// !$*UTF8*$!
{
	archiveVersion = 1;
	classes = {
	};
	objectVersion = 46;
	objects = {

/* Begin PBXBuildFile section */
		B6CB96B71D3E6E5F004D66DB /* AppDelegate.swift in Sources */ = {isa = PBXBuildFile; fileRef = B6CB96B61D3E6E5F004D66DB /* AppDelegate.swift */; };
		B6CB96B91D3E6E5F004D66DB /* ViewController.swift in Sources */ = {isa = PBXBuildFile; fileRef = B6CB96B81D3E6E5F004D66DB /* ViewController.swift */; };
		B6CB96BC1D3E6E5F004D66DB /* Main.storyboard in Resources */ = {isa = PBXBuildFile; fileRef = B6CB96BA1D3E6E5F004D66DB /* Main.storyboard */; };
		B6CB96BE1D3E6E5F004D66DB /* Assets.xcassets in Resources */ = {isa = PBXBuildFile; fileRef = B6CB96BD1D3E6E5F004D66DB /* Assets.xcassets */; };
		B6CB96C11D3E6E5F004D66DB /* LaunchScreen.storyboard in Resources */ = {isa = PBXBuildFile; fileRef = B6CB96BF1D3E6E5F004D66DB /* LaunchScreen.storyboard */; };
		B6CB96CC1D3E6E5F004D66DB /* eggplant_brownieTests.swift in Sources */ = {isa = PBXBuildFile; fileRef = B6CB96CB1D3E6E5F004D66DB /* eggplant_brownieTests.swift */; };
		B6CB96D71D3E6E5F004D66DB /* eggplant_brownieUITests.swift in Sources */ = {isa = PBXBuildFile; fileRef = B6CB96D61D3E6E5F004D66DB /* eggplant_brownieUITests.swift */; };
/* End PBXBuildFile section */

/* Begin PBXContainerItemProxy section */
		B6CB96C81D3E6E5F004D66DB /* PBXContainerItemProxy */ = {
			isa = PBXContainerItemProxy;
			containerPortal = B6CB96AB1D3E6E5F004D66DB /* Project object */;
			proxyType = 1;
			remoteGlobalIDString = B6CB96B21D3E6E5F004D66DB;
			remoteInfo = "eggplant-brownie";
		};
		B6CB96D31D3E6E5F004D66DB /* PBXContainerItemProxy */ = {
			isa = PBXContainerItemProxy;
			containerPortal = B6CB96AB1D3E6E5F004D66DB /* Project object */;
			proxyType = 1;
			remoteGlobalIDString = B6CB96B21D3E6E5F004D66DB;
			remoteInfo = "eggplant-brownie";
		};
/* End PBXContainerItemProxy section */

/* Begin PBXFileReference section */
		B6CB96B31D3E6E5F004D66DB /* eggplant-brownie.app */ = {isa = PBXFileReference; explicitFileType = wrapper.application; includeInIndex = 0; path = "eggplant-brownie.app"; sourceTree = BUILT_PRODUCTS_DIR; };
		B6CB96B61D3E6E5F004D66DB /* AppDelegate.swift */ = {isa = PBXFileReference; lastKnownFileType = sourcecode.swift; path = AppDelegate.swift; sourceTree = "<group>"; };
		B6CB96B81D3E6E5F004D66DB /* ViewController.swift */ = {isa = PBXFileReference; lastKnownFileType = sourcecode.swift; path = ViewController.swift; sourceTree = "<group>"; };
		B6CB96BB1D3E6E5F004D66DB /* Base */ = {isa = PBXFileReference; lastKnownFileType = file.storyboard; name = Base; path = Base.lproj/Main.storyboard; sourceTree = "<group>"; };
		B6CB96BD1D3E6E5F004D66DB /* Assets.xcassets */ = {isa = PBXFileReference; lastKnownFileType = folder.assetcatalog; path = Assets.xcassets; sourceTree = "<group>"; };
		B6CB96C01D3E6E5F004D66DB /* Base */ = {isa = PBXFileReference; lastKnownFileType = file.storyboard; name = Base; path = Base.lproj/LaunchScreen.storyboard; sourceTree = "<group>"; };
		B6CB96C21D3E6E5F004D66DB /* Info.plist */ = {isa = PBXFileReference; lastKnownFileType = text.plist.xml; path = Info.plist; sourceTree = "<group>"; };
		B6CB96C71D3E6E5F004D66DB /* eggplant-brownieTests.xctest */ = {isa = PBXFileReference; explicitFileType = wrapper.cfbundle; includeInIndex = 0; path = "eggplant-brownieTests.xctest"; sourceTree = BUILT_PRODUCTS_DIR; };
		B6CB96CB1D3E6E5F004D66DB /* eggplant_brownieTests.swift */ = {isa = PBXFileReference; lastKnownFileType = sourcecode.swift; path = eggplant_brownieTests.swift; sourceTree = "<group>"; };
		B6CB96CD1D3E6E5F004D66DB /* Info.plist */ = {isa = PBXFileReference; lastKnownFileType = text.plist.xml; path = Info.plist; sourceTree = "<group>"; };
		B6CB96D21D3E6E5F004D66DB /* eggplant-brownieUITests.xctest */ = {isa = PBXFileReference; explicitFileType = wrapper.cfbundle; includeInIndex = 0; path = "eggplant-brownieUITests.xctest"; sourceTree = BUILT_PRODUCTS_DIR; };
		B6CB96D61D3E6E5F004D66DB /* eggplant_brownieUITests.swift */ = {isa = PBXFileReference; lastKnownFileType = sourcecode.swift; path = eggplant_brownieUITests.swift; sourceTree = "<group>"; };
		B6CB96D81D3E6E5F004D66DB /* Info.plist */ = {isa = PBXFileReference; lastKnownFileType = text.plist.xml; path = Info.plist; sourceTree = "<group>"; };
/* End PBXFileReference section */

/* Begin PBXFrameworksBuildPhase section */
		B6CB96B01D3E6E5F004D66DB /* Frameworks */ = {
			isa = PBXFrameworksBuildPhase;
			buildActionMask = 2147483647;
			files = (
			);
			runOnlyForDeploymentPostprocessing = 0;
		};
		B6CB96C41D3E6E5F004D66DB /* Frameworks */ = {
			isa = PBXFrameworksBuildPhase;
			buildActionMask = 2147483647;
			files = (
			);
			runOnlyForDeploymentPostprocessing = 0;
		};
		B6CB96CF1D3E6E5F004D66DB /* Frameworks */ = {
			isa = PBXFrameworksBuildPhase;
			buildActionMask = 2147483647;
			files = (
			);
			runOnlyForDeploymentPostprocessing = 0;
		};
/* End PBXFrameworksBuildPhase section */

/* Begin PBXGroup section */
		B6CB96AA1D3E6E5F004D66DB = {
			isa = PBXGroup;
			children = (
				B6CB96B51D3E6E5F004D66DB /* eggplant-brownie */,
				B6CB96CA1D3E6E5F004D66DB /* eggplant-brownieTests */,
				B6CB96D51D3E6E5F004D66DB /* eggplant-brownieUITests */,
				B6CB96B41D3E6E5F004D66DB /* Products */,
			);
			sourceTree = "<group>";
		};
		B6CB96B41D3E6E5F004D66DB /* Products */ = {
			isa = PBXGroup;
			children = (
				B6CB96B31D3E6E5F004D66DB /* eggplant-brownie.app */,
				B6CB96C71D3E6E5F004D66DB /* eggplant-brownieTests.xctest */,
				B6CB96D21D3E6E5F004D66DB /* eggplant-brownieUITests.xctest */,
			);
			name = Products;
			sourceTree = "<group>";
		};
		B6CB96B51D3E6E5F004D66DB /* eggplant-brownie */ = {
			isa = PBXGroup;
			children = (
				B6CB96B61D3E6E5F004D66DB /* AppDelegate.swift */,
				B6CB96B81D3E6E5F004D66DB /* ViewController.swift */,
				B6CB96BA1D3E6E5F004D66DB /* Main.storyboard */,
				B6CB96BD1D3E6E5F004D66DB /* Assets.xcassets */,
				B6CB96BF1D3E6E5F004D66DB /* LaunchScreen.storyboard */,
				B6CB96C21D3E6E5F004D66DB /* Info.plist */,
			);
			path = "eggplant-brownie";
			sourceTree = "<group>";
		};
		B6CB96CA1D3E6E5F004D66DB /* eggplant-brownieTests */ = {
			isa = PBXGroup;
			children = (
				B6CB96CB1D3E6E5F004D66DB /* eggplant_brownieTests.swift */,
				B6CB96CD1D3E6E5F004D66DB /* Info.plist */,
			);
			path = "eggplant-brownieTests";
			sourceTree = "<group>";
		};
		B6CB96D51D3E6E5F004D66DB /* eggplant-brownieUITests */ = {
			isa = PBXGroup;
			children = (
				B6CB96D61D3E6E5F004D66DB /* eggplant_brownieUITests.swift */,
				B6CB96D81D3E6E5F004D66DB /* Info.plist */,
			);
			path = "eggplant-brownieUITests";
			sourceTree = "<group>";
		};
/* End PBXGroup section */

/* Begin PBXNativeTarget section */
		B6CB96B21D3E6E5F004D66DB /* eggplant-brownie */ = {
			isa = PBXNativeTarget;
			buildConfigurationList = B6CB96DB1D3E6E5F004D66DB /* Build configuration list for PBXNativeTarget "eggplant-brownie" */;
			buildPhases = (
				B6CB96AF1D3E6E5F004D66DB /* Sources */,
				B6CB96B01D3E6E5F004D66DB /* Frameworks */,
				B6CB96B11D3E6E5F004D66DB /* Resources */,
			);
			buildRules = (
			);
			dependencies = (
			);
			name = "eggplant-brownie";
			productName = "eggplant-brownie";
			productReference = B6CB96B31D3E6E5F004D66DB /* eggplant-brownie.app */;
			productType = "com.apple.product-type.application";
		};
		B6CB96C61D3E6E5F004D66DB /* eggplant-brownieTests */ = {
			isa = PBXNativeTarget;
			buildConfigurationList = B6CB96DE1D3E6E5F004D66DB /* Build configuration list for PBXNativeTarget "eggplant-brownieTests" */;
			buildPhases = (
				B6CB96C31D3E6E5F004D66DB /* Sources */,
				B6CB96C41D3E6E5F004D66DB /* Frameworks */,
				B6CB96C51D3E6E5F004D66DB /* Resources */,
			);
			buildRules = (
			);
			dependencies = (
				B6CB96C91D3E6E5F004D66DB /* PBXTargetDependency */,
			);
			name = "eggplant-brownieTests";
			productName = "eggplant-brownieTests";
			productReference = B6CB96C71D3E6E5F004D66DB /* eggplant-brownieTests.xctest */;
			productType = "com.apple.product-type.bundle.unit-test";
		};
		B6CB96D11D3E6E5F004D66DB /* eggplant-brownieUITests */ = {
			isa = PBXNativeTarget;
			buildConfigurationList = B6CB96E11D3E6E5F004D66DB /* Build configuration list for PBXNativeTarget "eggplant-brownieUITests" */;
			buildPhases = (
				B6CB96CE1D3E6E5F004D66DB /* Sources */,
				B6CB96CF1D3E6E5F004D66DB /* Frameworks */,
				B6CB96D01D3E6E5F004D66DB /* Resources */,
			);
			buildRules = (
			);
			dependencies = (
				B6CB96D41D3E6E5F004D66DB /* PBXTargetDependency */,
			);
			name = "eggplant-brownieUITests";
			productName = "eggplant-brownieUITests";
			productReference = B6CB96D21D3E6E5F004D66DB /* eggplant-brownieUITests.xctest */;
			productType = "com.apple.product-type.bundle.ui-testing";
		};
/* End PBXNativeTarget section */

/* Begin PBXProject section */
		B6CB96AB1D3E6E5F004D66DB /* Project object */ = {
			isa = PBXProject;
			attributes = {
				LastSwiftUpdateCheck = 0730;
				LastUpgradeCheck = 0730;
				ORGANIZATIONNAME = "Frederico Oliveira";
				TargetAttributes = {
					B6CB96B21D3E6E5F004D66DB = {
						CreatedOnToolsVersion = 7.3.1;
						DevelopmentTeam = GR5LP99R3B;
					};
					B6CB96C61D3E6E5F004D66DB = {
						CreatedOnToolsVersion = 7.3.1;
						TestTargetID = B6CB96B21D3E6E5F004D66DB;
					};
					B6CB96D11D3E6E5F004D66DB = {
						CreatedOnToolsVersion = 7.3.1;
						TestTargetID = B6CB96B21D3E6E5F004D66DB;
					};
				};
			};
			buildConfigurationList = B6CB96AE1D3E6E5F004D66DB /* Build configuration list for PBXProject "eggplant-brownie" */;
			compatibilityVersion = "Xcode 3.2";
			developmentRegion = English;
			hasScannedForEncodings = 0;
			knownRegions = (
				en,
				Base,
			);
			mainGroup = B6CB96AA1D3E6E5F004D66DB;
			productRefGroup = B6CB96B41D3E6E5F004D66DB /* Products */;
			projectDirPath = "";
			projectRoot = "";
			targets = (
				B6CB96B21D3E6E5F004D66DB /* eggplant-brownie */,
				B6CB96C61D3E6E5F004D66DB /* eggplant-brownieTests */,
				B6CB96D11D3E6E5F004D66DB /* eggplant-brownieUITests */,
			);
		};
/* End PBXProject section */

/* Begin PBXResourcesBuildPhase section */
		B6CB96B11D3E6E5F004D66DB /* Resources */ = {
			isa = PBXResourcesBuildPhase;
			buildActionMask = 2147483647;
			files = (
				B6CB96C11D3E6E5F004D66DB /* LaunchScreen.storyboard in Resources */,
				B6CB96BE1D3E6E5F004D66DB /* Assets.xcassets in Resources */,
				B6CB96BC1D3E6E5F004D66DB /* Main.storyboard in Resources */,
			);
			runOnlyForDeploymentPostprocessing = 0;
		};
		B6CB96C51D3E6E5F004D66DB /* Resources */ = {
			isa = PBXResourcesBuildPhase;
			buildActionMask = 2147483647;
			files = (
			);
			runOnlyForDeploymentPostprocessing = 0;
		};
		B6CB96D01D3E6E5F004D66DB /* Resources */ = {
			isa = PBXResourcesBuildPhase;
			buildActionMask = 2147483647;
			files = (
			);
			runOnlyForDeploymentPostprocessing = 0;
		};
/* End PBXResourcesBuildPhase section */

/* Begin PBXSourcesBuildPhase section */
		B6CB96AF1D3E6E5F004D66DB /* Sources */ = {
			isa = PBXSourcesBuildPhase;
			buildActionMask = 2147483647;
			files = (
				B6CB96B91D3E6E5F004D66DB /* ViewController.swift in Sources */,
				B6CB96B71D3E6E5F004D66DB /* AppDelegate.swift in Sources */,
			);
			runOnlyForDeploymentPostprocessing = 0;
		};
		B6CB96C31D3E6E5F004D66DB /* Sources */ = {
			isa = PBXSourcesBuildPhase;
			buildActionMask = 2147483647;
			files = (
				B6CB96CC1D3E6E5F004D66DB /* eggplant_brownieTests.swift in Sources */,
			);
			runOnlyForDeploymentPostprocessing = 0;
		};
		B6CB96CE1D3E6E5F004D66DB /* Sources */ = {
			isa = PBXSourcesBuildPhase;
			buildActionMask = 2147483647;
			files = (
				B6CB96D71D3E6E5F004D66DB /* eggplant_brownieUITests.swift in Sources */,
			);
			runOnlyForDeploymentPostprocessing = 0;
		};
/* End PBXSourcesBuildPhase section */

/* Begin PBXTargetDependency section */
		B6CB96C91D3E6E5F004D66DB /* PBXTargetDependency */ = {
			isa = PBXTargetDependency;
			target = B6CB96B21D3E6E5F004D66DB /* eggplant-brownie */;
			targetProxy = B6CB96C81D3E6E5F004D66DB /* PBXContainerItemProxy */;
		};
		B6CB96D41D3E6E5F004D66DB /* PBXTargetDependency */ = {
			isa = PBXTargetDependency;
			target = B6CB96B21D3E6E5F004D66DB /* eggplant-brownie */;
			targetProxy = B6CB96D31D3E6E5F004D66DB /* PBXContainerItemProxy */;
		};
/* End PBXTargetDependency section */

/* Begin PBXVariantGroup section */
		B6CB96BA1D3E6E5F004D66DB /* Main.storyboard */ = {
			isa = PBXVariantGroup;
			children = (
				B6CB96BB1D3E6E5F004D66DB /* Base */,
			);
			name = Main.storyboard;
			sourceTree = "<group>";
		};
		B6CB96BF1D3E6E5F004D66DB /* LaunchScreen.storyboard */ = {
			isa = PBXVariantGroup;
			children = (
				B6CB96C01D3E6E5F004D66DB /* Base */,
			);
			name = LaunchScreen.storyboard;
			sourceTree = "<group>";
		};
/* End PBXVariantGroup section */

/* Begin XCBuildConfiguration section */
		B6CB96D91D3E6E5F004D66DB /* Debug */ = {
			isa = XCBuildConfiguration;
			buildSettings = {
				ALWAYS_SEARCH_USER_PATHS = NO;
				CLANG_ANALYZER_NONNULL = YES;
				CLANG_CXX_LANGUAGE_STANDARD = "gnu++0x";
				CLANG_CXX_LIBRARY = "libc++";
				CLANG_ENABLE_MODULES = YES;
				CLANG_ENABLE_OBJC_ARC = YES;
				CLANG_WARN_BOOL_CONVERSION = YES;
				CLANG_WARN_CONSTANT_CONVERSION = YES;
				CLANG_WARN_DIRECT_OBJC_ISA_USAGE = YES_ERROR;
				CLANG_WARN_EMPTY_BODY = YES;
				CLANG_WARN_ENUM_CONVERSION = YES;
				CLANG_WARN_INT_CONVERSION = YES;
				CLANG_WARN_OBJC_ROOT_CLASS = YES_ERROR;
				CLANG_WARN_UNREACHABLE_CODE = YES;
				CLANG_WARN__DUPLICATE_METHOD_MATCH = YES;
				"CODE_SIGN_IDENTITY[sdk=iphoneos*]" = "iPhone Developer";
				COPY_PHASE_STRIP = NO;
				DEBUG_INFORMATION_FORMAT = dwarf;
				ENABLE_STRICT_OBJC_MSGSEND = YES;
				ENABLE_TESTABILITY = YES;
				GCC_C_LANGUAGE_STANDARD = gnu99;
				GCC_DYNAMIC_NO_PIC = NO;
				GCC_NO_COMMON_BLOCKS = YES;
				GCC_OPTIMIZATION_LEVEL = 0;
				GCC_PREPROCESSOR_DEFINITIONS = (
					"DEBUG=1",
					"$(inherited)",
				);
				GCC_WARN_64_TO_32_BIT_CONVERSION = YES;
				GCC_WARN_ABOUT_RETURN_TYPE = YES_ERROR;
				GCC_WARN_UNDECLARED_SELECTOR = YES;
				GCC_WARN_UNINITIALIZED_AUTOS = YES_AGGRESSIVE;
				GCC_WARN_UNUSED_FUNCTION = YES;
				GCC_WARN_UNUSED_VARIABLE = YES;
				IPHONEOS_DEPLOYMENT_TARGET = 9.3;
				MTL_ENABLE_DEBUG_INFO = YES;
				ONLY_ACTIVE_ARCH = YES;
				SDKROOT = iphoneos;
				SWIFT_OPTIMIZATION_LEVEL = "-Onone";
				TARGETED_DEVICE_FAMILY = "1,2";
			};
			name = Debug;
		};
		B6CB96DA1D3E6E5F004D66DB /* Release */ = {
			isa = XCBuildConfiguration;
			buildSettings = {
				ALWAYS_SEARCH_USER_PATHS = NO;
				CLANG_ANALYZER_NONNULL = YES;
				CLANG_CXX_LANGUAGE_STANDARD = "gnu++0x";
				CLANG_CXX_LIBRARY = "libc++";
				CLANG_ENABLE_MODULES = YES;
				CLANG_ENABLE_OBJC_ARC = YES;
				CLANG_WARN_BOOL_CONVERSION = YES;
				CLANG_WARN_CONSTANT_CONVERSION = YES;
				CLANG_WARN_DIRECT_OBJC_ISA_USAGE = YES_ERROR;
				CLANG_WARN_EMPTY_BODY = YES;
				CLANG_WARN_ENUM_CONVERSION = YES;
				CLANG_WARN_INT_CONVERSION = YES;
				CLANG_WARN_OBJC_ROOT_CLASS = YES_ERROR;
				CLANG_WARN_UNREACHABLE_CODE = YES;
				CLANG_WARN__DUPLICATE_METHOD_MATCH = YES;
				"CODE_SIGN_IDENTITY[sdk=iphoneos*]" = "iPhone Developer";
				COPY_PHASE_STRIP = NO;
				DEBUG_INFORMATION_FORMAT = "dwarf-with-dsym";
				ENABLE_NS_ASSERTIONS = NO;
				ENABLE_STRICT_OBJC_MSGSEND = YES;
				GCC_C_LANGUAGE_STANDARD = gnu99;
				GCC_NO_COMMON_BLOCKS = YES;
				GCC_WARN_64_TO_32_BIT_CONVERSION = YES;
				GCC_WARN_ABOUT_RETURN_TYPE = YES_ERROR;
				GCC_WARN_UNDECLARED_SELECTOR = YES;
				GCC_WARN_UNINITIALIZED_AUTOS = YES_AGGRESSIVE;
				GCC_WARN_UNUSED_FUNCTION = YES;
				GCC_WARN_UNUSED_VARIABLE = YES;
				IPHONEOS_DEPLOYMENT_TARGET = 9.3;
				MTL_ENABLE_DEBUG_INFO = NO;
				SDKROOT = iphoneos;
				TARGETED_DEVICE_FAMILY = "1,2";
				VALIDATE_PRODUCT = YES;
			};
			name = Release;
		};
		B6CB96DC1D3E6E5F004D66DB /* Debug */ = {
			isa = XCBuildConfiguration;
			buildSettings = {
				ASSETCATALOG_COMPILER_APPICON_NAME = AppIcon;
				CODE_SIGN_IDENTITY = "iPhone Developer";
				INFOPLIST_FILE = "eggplant-brownie/Info.plist";
				LD_RUNPATH_SEARCH_PATHS = "$(inherited) @executable_path/Frameworks";
				PRODUCT_BUNDLE_IDENTIFIER = "br.com.p2hf.eggplant-brownie";
				PRODUCT_NAME = "$(TARGET_NAME)";
			};
			name = Debug;
		};
		B6CB96DD1D3E6E5F004D66DB /* Release */ = {
			isa = XCBuildConfiguration;
			buildSettings = {
				ASSETCATALOG_COMPILER_APPICON_NAME = AppIcon;
				CODE_SIGN_IDENTITY = "iPhone Developer";
				INFOPLIST_FILE = "eggplant-brownie/Info.plist";
				LD_RUNPATH_SEARCH_PATHS = "$(inherited) @executable_path/Frameworks";
				PRODUCT_BUNDLE_IDENTIFIER = "br.com.p2hf.eggplant-brownie";
				PRODUCT_NAME = "$(TARGET_NAME)";
			};
			name = Release;
		};
		B6CB96DF1D3E6E5F004D66DB /* Debug */ = {
			isa = XCBuildConfiguration;
			buildSettings = {
				BUNDLE_LOADER = "$(TEST_HOST)";
				INFOPLIST_FILE = "eggplant-brownieTests/Info.plist";
				LD_RUNPATH_SEARCH_PATHS = "$(inherited) @executable_path/Frameworks @loader_path/Frameworks";
				PRODUCT_BUNDLE_IDENTIFIER = "br.com.p2hf.eggplant-brownieTests";
				PRODUCT_NAME = "$(TARGET_NAME)";
				TEST_HOST = "$(BUILT_PRODUCTS_DIR)/eggplant-brownie.app/eggplant-brownie";
			};
			name = Debug;
		};
		B6CB96E01D3E6E5F004D66DB /* Release */ = {
			isa = XCBuildConfiguration;
			buildSettings = {
				BUNDLE_LOADER = "$(TEST_HOST)";
				INFOPLIST_FILE = "eggplant-brownieTests/Info.plist";
				LD_RUNPATH_SEARCH_PATHS = "$(inherited) @executable_path/Frameworks @loader_path/Frameworks";
				PRODUCT_BUNDLE_IDENTIFIER = "br.com.p2hf.eggplant-brownieTests";
				PRODUCT_NAME = "$(TARGET_NAME)";
				TEST_HOST = "$(BUILT_PRODUCTS_DIR)/eggplant-brownie.app/eggplant-brownie";
			};
			name = Release;
		};
		B6CB96E21D3E6E5F004D66DB /* Debug */ = {
			isa = XCBuildConfiguration;
			buildSettings = {
				INFOPLIST_FILE = "eggplant-brownieUITests/Info.plist";
				LD_RUNPATH_SEARCH_PATHS = "$(inherited) @executable_path/Frameworks @loader_path/Frameworks";
				PRODUCT_BUNDLE_IDENTIFIER = "br.com.p2hf.eggplant-brownieUITests";
				PRODUCT_NAME = "$(TARGET_NAME)";
				TEST_TARGET_NAME = "eggplant-brownie";
			};
			name = Debug;
		};
		B6CB96E31D3E6E5F004D66DB /* Release */ = {
			isa = XCBuildConfiguration;
			buildSettings = {
				INFOPLIST_FILE = "eggplant-brownieUITests/Info.plist";
				LD_RUNPATH_SEARCH_PATHS = "$(inherited) @executable_path/Frameworks @loader_path/Frameworks";
				PRODUCT_BUNDLE_IDENTIFIER = "br.com.p2hf.eggplant-brownieUITests";
				PRODUCT_NAME = "$(TARGET_NAME)";
				TEST_TARGET_NAME = "eggplant-brownie";
			};
			name = Release;
		};
/* End XCBuildConfiguration section */

/* Begin XCConfigurationList section */
		B6CB96AE1D3E6E5F004D66DB /* Build configuration list for PBXProject "eggplant-brownie" */ = {
			isa = XCConfigurationList;
			buildConfigurations = (
				B6CB96D91D3E6E5F004D66DB /* Debug */,
				B6CB96DA1D3E6E5F004D66DB /* Release */,
			);
			defaultConfigurationIsVisible = 0;
			defaultConfigurationName = Release;
		};
		B6CB96DB1D3E6E5F004D66DB /* Build configuration list for PBXNativeTarget "eggplant-brownie" */ = {
			isa = XCConfigurationList;
			buildConfigurations = (
				B6CB96DC1D3E6E5F004D66DB /* Debug */,
				B6CB96DD1D3E6E5F004D66DB /* Release */,
			);
			defaultConfigurationIsVisible = 0;
		};
		B6CB96DE1D3E6E5F004D66DB /* Build configuration list for PBXNativeTarget "eggplant-brownieTests" */ = {
			isa = XCConfigurationList;
			buildConfigurations = (
				B6CB96DF1D3E6E5F004D66DB /* Debug */,
				B6CB96E01D3E6E5F004D66DB /* Release */,
			);
			defaultConfigurationIsVisible = 0;
		};
		B6CB96E11D3E6E5F004D66DB /* Build configuration list for PBXNativeTarget "eggplant-brownieUITests" */ = {
			isa = XCConfigurationList;
			buildConfigurations = (
				B6CB96E21D3E6E5F004D66DB /* Debug */,
				B6CB96E31D3E6E5F004D66DB /* Release */,
			);
			defaultConfigurationIsVisible = 0;
		};
/* End XCConfigurationList section */
	};
	rootObject = B6CB96AB1D3E6E5F004D66DB /* Project object */;
}
